// !$*UTF8*$!
{
	archiveVersion = 1;
	classes = {
	};
	objectVersion = 56;
	objects = {

/* Begin PBXBuildFile section */
		B28FAF882ABDF3E40011E864 /* AboutTheWeatherApp.swift in Sources */ = {isa = PBXBuildFile; fileRef = B28FAF872ABDF3E40011E864 /* AboutTheWeatherApp.swift */; };
		B28FAF8A2ABDF3E40011E864 /* ContentView.swift in Sources */ = {isa = PBXBuildFile; fileRef = B28FAF892ABDF3E40011E864 /* ContentView.swift */; };
		B28FAF8C2ABDF3E70011E864 /* Assets.xcassets in Resources */ = {isa = PBXBuildFile; fileRef = B28FAF8B2ABDF3E70011E864 /* Assets.xcassets */; };
		B28FAF8F2ABDF3E70011E864 /* Preview Assets.xcassets in Resources */ = {isa = PBXBuildFile; fileRef = B28FAF8E2ABDF3E70011E864 /* Preview Assets.xcassets */; };
		B28FAF972ABDF43A0011E864 /* LocationView.swift in Sources */ = {isa = PBXBuildFile; fileRef = B28FAF962ABDF43A0011E864 /* LocationView.swift */; };
		B28FAF992ABDF46D0011E864 /* HourlyView.swift in Sources */ = {isa = PBXBuildFile; fileRef = B28FAF982ABDF46D0011E864 /* HourlyView.swift */; };
		B28FAF9B2ABDF4940011E864 /* DailyView.swift in Sources */ = {isa = PBXBuildFile; fileRef = B28FAF9A2ABDF4940011E864 /* DailyView.swift */; };
		B28FAF9D2ABDF4D70011E864 /* StringExtensions.swift in Sources */ = {isa = PBXBuildFile; fileRef = B28FAF9C2ABDF4D70011E864 /* StringExtensions.swift */; };
		B28FAF9F2ABDF4FF0011E864 /* LocationManager.swift in Sources */ = {isa = PBXBuildFile; fileRef = B28FAF9E2ABDF4FF0011E864 /* LocationManager.swift */; };
		B28FAFA22ABDF5550011E864 /* WeatherViewModel.swift in Sources */ = {isa = PBXBuildFile; fileRef = B28FAFA12ABDF5550011E864 /* WeatherViewModel.swift */; };
		B28FAFA42ABDF5740011E864 /* APIDataModels.swift in Sources */ = {isa = PBXBuildFile; fileRef = B28FAFA32ABDF5740011E864 /* APIDataModels.swift */; };
		B28FAFA72ABDF5B40011E864 /* SwURL in Frameworks */ = {isa = PBXBuildFile; productRef = B28FAFA62ABDF5B40011E864 /* SwURL */; };
		B2F24F392ABF436300E9D6A6 /* DateFormatterExtensions.swift in Sources */ = {isa = PBXBuildFile; fileRef = B2F24F382ABF436300E9D6A6 /* DateFormatterExtensions.swift */; };
		B2F24F3D2ABF534F00E9D6A6 /* Endpoint.swift in Sources */ = {isa = PBXBuildFile; fileRef = B2F24F3C2ABF534F00E9D6A6 /* Endpoint.swift */; };
/* End PBXBuildFile section */

/* Begin PBXFileReference section */
		B28FAF842ABDF3E40011E864 /* AboutTheWeather.app */ = {isa = PBXFileReference; explicitFileType = wrapper.application; includeInIndex = 0; path = AboutTheWeather.app; sourceTree = BUILT_PRODUCTS_DIR; };
		B28FAF872ABDF3E40011E864 /* AboutTheWeatherApp.swift */ = {isa = PBXFileReference; lastKnownFileType = sourcecode.swift; path = AboutTheWeatherApp.swift; sourceTree = "<group>"; };
		B28FAF892ABDF3E40011E864 /* ContentView.swift */ = {isa = PBXFileReference; lastKnownFileType = sourcecode.swift; path = ContentView.swift; sourceTree = "<group>"; };
		B28FAF8B2ABDF3E70011E864 /* Assets.xcassets */ = {isa = PBXFileReference; lastKnownFileType = folder.assetcatalog; path = Assets.xcassets; sourceTree = "<group>"; };
		B28FAF8E2ABDF3E70011E864 /* Preview Assets.xcassets */ = {isa = PBXFileReference; lastKnownFileType = folder.assetcatalog; path = "Preview Assets.xcassets"; sourceTree = "<group>"; };
		B28FAF962ABDF43A0011E864 /* LocationView.swift */ = {isa = PBXFileReference; lastKnownFileType = sourcecode.swift; path = LocationView.swift; sourceTree = "<group>"; };
		B28FAF982ABDF46D0011E864 /* HourlyView.swift */ = {isa = PBXFileReference; lastKnownFileType = sourcecode.swift; path = HourlyView.swift; sourceTree = "<group>"; };
		B28FAF9A2ABDF4940011E864 /* DailyView.swift */ = {isa = PBXFileReference; lastKnownFileType = sourcecode.swift; path = DailyView.swift; sourceTree = "<group>"; };
		B28FAF9C2ABDF4D70011E864 /* StringExtensions.swift */ = {isa = PBXFileReference; lastKnownFileType = sourcecode.swift; path = StringExtensions.swift; sourceTree = "<group>"; };
		B28FAF9E2ABDF4FF0011E864 /* LocationManager.swift */ = {isa = PBXFileReference; lastKnownFileType = sourcecode.swift; path = LocationManager.swift; sourceTree = "<group>"; };
		B28FAFA12ABDF5550011E864 /* WeatherViewModel.swift */ = {isa = PBXFileReference; lastKnownFileType = sourcecode.swift; path = WeatherViewModel.swift; sourceTree = "<group>"; };
		B28FAFA32ABDF5740011E864 /* APIDataModels.swift */ = {isa = PBXFileReference; lastKnownFileType = sourcecode.swift; path = APIDataModels.swift; sourceTree = "<group>"; };
		B2F24F382ABF436300E9D6A6 /* DateFormatterExtensions.swift */ = {isa = PBXFileReference; lastKnownFileType = sourcecode.swift; path = DateFormatterExtensions.swift; sourceTree = "<group>"; };
		B2F24F3C2ABF534F00E9D6A6 /* Endpoint.swift */ = {isa = PBXFileReference; lastKnownFileType = sourcecode.swift; path = Endpoint.swift; sourceTree = "<group>"; };
/* End PBXFileReference section */

/* Begin PBXFrameworksBuildPhase section */
		B28FAF812ABDF3E40011E864 /* Frameworks */ = {
			isa = PBXFrameworksBuildPhase;
			buildActionMask = 2147483647;
			files = (
				B28FAFA72ABDF5B40011E864 /* SwURL in Frameworks */,
			);
			runOnlyForDeploymentPostprocessing = 0;
		};
/* End PBXFrameworksBuildPhase section */

/* Begin PBXGroup section */
		B28FAF7B2ABDF3E40011E864 = {
			isa = PBXGroup;
			children = (
				B28FAF862ABDF3E40011E864 /* AboutTheWeather */,
				B28FAF852ABDF3E40011E864 /* Products */,
			);
			sourceTree = "<group>";
		};
		B28FAF852ABDF3E40011E864 /* Products */ = {
			isa = PBXGroup;
			children = (
				B28FAF842ABDF3E40011E864 /* AboutTheWeather.app */,
			);
			name = Products;
			sourceTree = "<group>";
		};
		B28FAF862ABDF3E40011E864 /* AboutTheWeather */ = {
			isa = PBXGroup;
			children = (
				B2F24F3B2ABF52CD00E9D6A6 /* Network */,
				B2F24F372ABF426E00E9D6A6 /* ViewModel */,
				B2F24F362ABF3CEB00E9D6A6 /* Service */,
				B28FAFA92ABDF86C0011E864 /* Common */,
				B28FAFA02ABDF5420011E864 /* Model */,
				B28FAF952ABDF4170011E864 /* View */,
				B28FAF872ABDF3E40011E864 /* AboutTheWeatherApp.swift */,
				B28FAF8B2ABDF3E70011E864 /* Assets.xcassets */,
				B28FAF8D2ABDF3E70011E864 /* Preview Content */,
			);
			path = AboutTheWeather;
			sourceTree = "<group>";
		};
		B28FAF8D2ABDF3E70011E864 /* Preview Content */ = {
			isa = PBXGroup;
			children = (
				B28FAF8E2ABDF3E70011E864 /* Preview Assets.xcassets */,
			);
			path = "Preview Content";
			sourceTree = "<group>";
		};
		B28FAF952ABDF4170011E864 /* View */ = {
			isa = PBXGroup;
			children = (
				B2F24F3A2ABF466200E9D6A6 /* Subcomponents */,
				B28FAF892ABDF3E40011E864 /* ContentView.swift */,
			);
			path = View;
			sourceTree = "<group>";
		};
		B28FAFA02ABDF5420011E864 /* Model */ = {
			isa = PBXGroup;
			children = (
				B28FAFA32ABDF5740011E864 /* APIDataModels.swift */,
			);
			path = Model;
			sourceTree = "<group>";
		};
		B28FAFA92ABDF86C0011E864 /* Common */ = {
			isa = PBXGroup;
			children = (
				B28FAF9C2ABDF4D70011E864 /* StringExtensions.swift */,
				B2F24F382ABF436300E9D6A6 /* DateFormatterExtensions.swift */,
			);
			path = Common;
			sourceTree = "<group>";
		};
		B2F24F362ABF3CEB00E9D6A6 /* Service */ = {
			isa = PBXGroup;
			children = (
				B28FAF9E2ABDF4FF0011E864 /* LocationManager.swift */,
			);
			path = Service;
			sourceTree = "<group>";
		};
		B2F24F372ABF426E00E9D6A6 /* ViewModel */ = {
			isa = PBXGroup;
			children = (
				B28FAFA12ABDF5550011E864 /* WeatherViewModel.swift */,
			);
			path = ViewModel;
			sourceTree = "<group>";
		};
		B2F24F3A2ABF466200E9D6A6 /* Subcomponents */ = {
			isa = PBXGroup;
			children = (
				B28FAF962ABDF43A0011E864 /* LocationView.swift */,
				B28FAF982ABDF46D0011E864 /* HourlyView.swift */,
				B28FAF9A2ABDF4940011E864 /* DailyView.swift */,
			);
			path = Subcomponents;
			sourceTree = "<group>";
		};
		B2F24F3B2ABF52CD00E9D6A6 /* Network */ = {
			isa = PBXGroup;
			children = (
				B2F24F3C2ABF534F00E9D6A6 /* Endpoint.swift */,
			);
			path = Network;
			sourceTree = "<group>";
		};
/* End PBXGroup section */

/* Begin PBXNativeTarget section */
		B28FAF832ABDF3E40011E864 /* AboutTheWeather */ = {
			isa = PBXNativeTarget;
			buildConfigurationList = B28FAF922ABDF3E70011E864 /* Build configuration list for PBXNativeTarget "AboutTheWeather" */;
			buildPhases = (
				B28FAF802ABDF3E40011E864 /* Sources */,
				B28FAF812ABDF3E40011E864 /* Frameworks */,
				B28FAF822ABDF3E40011E864 /* Resources */,
			);
			buildRules = (
			);
			dependencies = (
			);
			name = AboutTheWeather;
			packageProductDependencies = (
				B28FAFA62ABDF5B40011E864 /* SwURL */,
			);
			productName = AboutTheWeather;
			productReference = B28FAF842ABDF3E40011E864 /* AboutTheWeather.app */;
			productType = "com.apple.product-type.application";
		};
/* End PBXNativeTarget section */

/* Begin PBXProject section */
		B28FAF7C2ABDF3E40011E864 /* Project object */ = {
			isa = PBXProject;
			attributes = {
				BuildIndependentTargetsInParallel = 1;
				LastSwiftUpdateCheck = 1420;
				LastUpgradeCheck = 1420;
				TargetAttributes = {
					B28FAF832ABDF3E40011E864 = {
						CreatedOnToolsVersion = 14.2;
					};
				};
			};
			buildConfigurationList = B28FAF7F2ABDF3E40011E864 /* Build configuration list for PBXProject "AboutTheWeather" */;
			compatibilityVersion = "Xcode 14.0";
			developmentRegion = en;
			hasScannedForEncodings = 0;
			knownRegions = (
				en,
				Base,
			);
			mainGroup = B28FAF7B2ABDF3E40011E864;
			packageReferences = (
				B28FAFA52ABDF5B40011E864 /* XCRemoteSwiftPackageReference "SwURL" */,
			);
			productRefGroup = B28FAF852ABDF3E40011E864 /* Products */;
			projectDirPath = "";
			projectRoot = "";
			targets = (
				B28FAF832ABDF3E40011E864 /* AboutTheWeather */,
			);
		};
/* End PBXProject section */

/* Begin PBXResourcesBuildPhase section */
		B28FAF822ABDF3E40011E864 /* Resources */ = {
			isa = PBXResourcesBuildPhase;
			buildActionMask = 2147483647;
			files = (
				B28FAF8F2ABDF3E70011E864 /* Preview Assets.xcassets in Resources */,
				B28FAF8C2ABDF3E70011E864 /* Assets.xcassets in Resources */,
			);
			runOnlyForDeploymentPostprocessing = 0;
		};
/* End PBXResourcesBuildPhase section */

/* Begin PBXSourcesBuildPhase section */
		B28FAF802ABDF3E40011E864 /* Sources */ = {
			isa = PBXSourcesBuildPhase;
			buildActionMask = 2147483647;
			files = (
				B28FAFA42ABDF5740011E864 /* APIDataModels.swift in Sources */,
				B28FAF8A2ABDF3E40011E864 /* ContentView.swift in Sources */,
				B2F24F392ABF436300E9D6A6 /* DateFormatterExtensions.swift in Sources */,
				B28FAF9D2ABDF4D70011E864 /* StringExtensions.swift in Sources */,
				B28FAF992ABDF46D0011E864 /* HourlyView.swift in Sources */,
				B28FAFA22ABDF5550011E864 /* WeatherViewModel.swift in Sources */,
				B28FAF9F2ABDF4FF0011E864 /* LocationManager.swift in Sources */,
				B28FAF972ABDF43A0011E864 /* LocationView.swift in Sources */,
				B28FAF9B2ABDF4940011E864 /* DailyView.swift in Sources */,
				B2F24F3D2ABF534F00E9D6A6 /* Endpoint.swift in Sources */,
				B28FAF882ABDF3E40011E864 /* AboutTheWeatherApp.swift in Sources */,
			);
			runOnlyForDeploymentPostprocessing = 0;
		};
/* End PBXSourcesBuildPhase section */

/* Begin XCBuildConfiguration section */
		B28FAF902ABDF3E70011E864 /* Debug */ = {
			isa = XCBuildConfiguration;
			buildSettings = {
				ALWAYS_SEARCH_USER_PATHS = NO;
				CLANG_ANALYZER_NONNULL = YES;
				CLANG_ANALYZER_NUMBER_OBJECT_CONVERSION = YES_AGGRESSIVE;
				CLANG_CXX_LANGUAGE_STANDARD = "gnu++20";
				CLANG_ENABLE_MODULES = YES;
				CLANG_ENABLE_OBJC_ARC = YES;
				CLANG_ENABLE_OBJC_WEAK = YES;
				CLANG_WARN_BLOCK_CAPTURE_AUTORELEASING = YES;
				CLANG_WARN_BOOL_CONVERSION = YES;
				CLANG_WARN_COMMA = YES;
				CLANG_WARN_CONSTANT_CONVERSION = YES;
				CLANG_WARN_DEPRECATED_OBJC_IMPLEMENTATIONS = YES;
				CLANG_WARN_DIRECT_OBJC_ISA_USAGE = YES_ERROR;
				CLANG_WARN_DOCUMENTATION_COMMENTS = YES;
				CLANG_WARN_EMPTY_BODY = YES;
				CLANG_WARN_ENUM_CONVERSION = YES;
				CLANG_WARN_INFINITE_RECURSION = YES;
				CLANG_WARN_INT_CONVERSION = YES;
				CLANG_WARN_NON_LITERAL_NULL_CONVERSION = YES;
				CLANG_WARN_OBJC_IMPLICIT_RETAIN_SELF = YES;
				CLANG_WARN_OBJC_LITERAL_CONVERSION = YES;
				CLANG_WARN_OBJC_ROOT_CLASS = YES_ERROR;
				CLANG_WARN_QUOTED_INCLUDE_IN_FRAMEWORK_HEADER = YES;
				CLANG_WARN_RANGE_LOOP_ANALYSIS = YES;
				CLANG_WARN_STRICT_PROTOTYPES = YES;
				CLANG_WARN_SUSPICIOUS_MOVE = YES;
				CLANG_WARN_UNGUARDED_AVAILABILITY = YES_AGGRESSIVE;
				CLANG_WARN_UNREACHABLE_CODE = YES;
				CLANG_WARN__DUPLICATE_METHOD_MATCH = YES;
				COPY_PHASE_STRIP = NO;
				DEBUG_INFORMATION_FORMAT = dwarf;
				ENABLE_STRICT_OBJC_MSGSEND = YES;
				ENABLE_TESTABILITY = YES;
				GCC_C_LANGUAGE_STANDARD = gnu11;
				GCC_DYNAMIC_NO_PIC = NO;
				GCC_NO_COMMON_BLOCKS = YES;
				GCC_OPTIMIZATION_LEVEL = 0;
				GCC_PREPROCESSOR_DEFINITIONS = (
					"DEBUG=1",
					"$(inherited)",
				);
				GCC_WARN_64_TO_32_BIT_CONVERSION = YES;
				GCC_WARN_ABOUT_RETURN_TYPE = YES_ERROR;
				GCC_WARN_UNDECLARED_SELECTOR = YES;
				GCC_WARN_UNINITIALIZED_AUTOS = YES_AGGRESSIVE;
				GCC_WARN_UNUSED_FUNCTION = YES;
				GCC_WARN_UNUSED_VARIABLE = YES;
				IPHONEOS_DEPLOYMENT_TARGET = 16.2;
				MTL_ENABLE_DEBUG_INFO = INCLUDE_SOURCE;
				MTL_FAST_MATH = YES;
				ONLY_ACTIVE_ARCH = YES;
				SDKROOT = iphoneos;
				SWIFT_ACTIVE_COMPILATION_CONDITIONS = DEBUG;
				SWIFT_OPTIMIZATION_LEVEL = "-Onone";
			};
			name = Debug;
		};
		B28FAF912ABDF3E70011E864 /* Release */ = {
			isa = XCBuildConfiguration;
			buildSettings = {
				ALWAYS_SEARCH_USER_PATHS = NO;
				CLANG_ANALYZER_NONNULL = YES;
				CLANG_ANALYZER_NUMBER_OBJECT_CONVERSION = YES_AGGRESSIVE;
				CLANG_CXX_LANGUAGE_STANDARD = "gnu++20";
				CLANG_ENABLE_MODULES = YES;
				CLANG_ENABLE_OBJC_ARC = YES;
				CLANG_ENABLE_OBJC_WEAK = YES;
				CLANG_WARN_BLOCK_CAPTURE_AUTORELEASING = YES;
				CLANG_WARN_BOOL_CONVERSION = YES;
				CLANG_WARN_COMMA = YES;
				CLANG_WARN_CONSTANT_CONVERSION = YES;
				CLANG_WARN_DEPRECATED_OBJC_IMPLEMENTATIONS = YES;
				CLANG_WARN_DIRECT_OBJC_ISA_USAGE = YES_ERROR;
				CLANG_WARN_DOCUMENTATION_COMMENTS = YES;
				CLANG_WARN_EMPTY_BODY = YES;
				CLANG_WARN_ENUM_CONVERSION = YES;
				CLANG_WARN_INFINITE_RECURSION = YES;
				CLANG_WARN_INT_CONVERSION = YES;
				CLANG_WARN_NON_LITERAL_NULL_CONVERSION = YES;
				CLANG_WARN_OBJC_IMPLICIT_RETAIN_SELF = YES;
				CLANG_WARN_OBJC_LITERAL_CONVERSION = YES;
				CLANG_WARN_OBJC_ROOT_CLASS = YES_ERROR;
				CLANG_WARN_QUOTED_INCLUDE_IN_FRAMEWORK_HEADER = YES;
				CLANG_WARN_RANGE_LOOP_ANALYSIS = YES;
				CLANG_WARN_STRICT_PROTOTYPES = YES;
				CLANG_WARN_SUSPICIOUS_MOVE = YES;
				CLANG_WARN_UNGUARDED_AVAILABILITY = YES_AGGRESSIVE;
				CLANG_WARN_UNREACHABLE_CODE = YES;
				CLANG_WARN__DUPLICATE_METHOD_MATCH = YES;
				COPY_PHASE_STRIP = NO;
				DEBUG_INFORMATION_FORMAT = "dwarf-with-dsym";
				ENABLE_NS_ASSERTIONS = NO;
				ENABLE_STRICT_OBJC_MSGSEND = YES;
				GCC_C_LANGUAGE_STANDARD = gnu11;
				GCC_NO_COMMON_BLOCKS = YES;
				GCC_WARN_64_TO_32_BIT_CONVERSION = YES;
				GCC_WARN_ABOUT_RETURN_TYPE = YES_ERROR;
				GCC_WARN_UNDECLARED_SELECTOR = YES;
				GCC_WARN_UNINITIALIZED_AUTOS = YES_AGGRESSIVE;
				GCC_WARN_UNUSED_FUNCTION = YES;
				GCC_WARN_UNUSED_VARIABLE = YES;
				IPHONEOS_DEPLOYMENT_TARGET = 16.2;
				MTL_ENABLE_DEBUG_INFO = NO;
				MTL_FAST_MATH = YES;
				SDKROOT = iphoneos;
				SWIFT_COMPILATION_MODE = wholemodule;
				SWIFT_OPTIMIZATION_LEVEL = "-O";
				VALIDATE_PRODUCT = YES;
			};
			name = Release;
		};
		B28FAF932ABDF3E70011E864 /* Debug */ = {
			isa = XCBuildConfiguration;
			buildSettings = {
				ASSETCATALOG_COMPILER_APPICON_NAME = AppIcon;
				ASSETCATALOG_COMPILER_GLOBAL_ACCENT_COLOR_NAME = AccentColor;
				CODE_SIGN_STYLE = Automatic;
				CURRENT_PROJECT_VERSION = 1;
				DEVELOPMENT_ASSET_PATHS = "\"AboutTheWeather/Preview Content\"";
				DEVELOPMENT_TEAM = 2659TLW84Y;
				ENABLE_PREVIEWS = YES;
				GENERATE_INFOPLIST_FILE = YES;
				INFOPLIST_KEY_UIApplicationSceneManifest_Generation = YES;
				INFOPLIST_KEY_UIApplicationSupportsIndirectInputEvents = YES;
				INFOPLIST_KEY_UILaunchScreen_Generation = YES;
				INFOPLIST_KEY_UISupportedInterfaceOrientations_iPad = "UIInterfaceOrientationPortrait UIInterfaceOrientationPortraitUpsideDown UIInterfaceOrientationLandscapeLeft UIInterfaceOrientationLandscapeRight";
				INFOPLIST_KEY_UISupportedInterfaceOrientations_iPhone = "UIInterfaceOrientationPortrait UIInterfaceOrientationLandscapeLeft UIInterfaceOrientationLandscapeRight";
				LD_RUNPATH_SEARCH_PATHS = (
					"$(inherited)",
					"@executable_path/Frameworks",
				);
				MARKETING_VERSION = 1.0;
				PRODUCT_BUNDLE_IDENTIFIER = salpasoft.AboutTheWeather;
				PRODUCT_NAME = "$(TARGET_NAME)";
				SWIFT_EMIT_LOC_STRINGS = YES;
				SWIFT_VERSION = 5.0;
				TARGETED_DEVICE_FAMILY = "1,2";
			};
			name = Debug;
		};
		B28FAF942ABDF3E70011E864 /* Release */ = {
			isa = XCBuildConfiguration;
			buildSettings = {
				ASSETCATALOG_COMPILER_APPICON_NAME = AppIcon;
				ASSETCATALOG_COMPILER_GLOBAL_ACCENT_COLOR_NAME = AccentColor;
				CODE_SIGN_STYLE = Automatic;
				CURRENT_PROJECT_VERSION = 1;
				DEVELOPMENT_ASSET_PATHS = "\"AboutTheWeather/Preview Content\"";
				DEVELOPMENT_TEAM = 2659TLW84Y;
				ENABLE_PREVIEWS = YES;
				GENERATE_INFOPLIST_FILE = YES;
				INFOPLIST_KEY_UIApplicationSceneManifest_Generation = YES;
				INFOPLIST_KEY_UIApplicationSupportsIndirectInputEvents = YES;
				INFOPLIST_KEY_UILaunchScreen_Generation = YES;
				INFOPLIST_KEY_UISupportedInterfaceOrientations_iPad = "UIInterfaceOrientationPortrait UIInterfaceOrientationPortraitUpsideDown UIInterfaceOrientationLandscapeLeft UIInterfaceOrientationLandscapeRight";
				INFOPLIST_KEY_UISupportedInterfaceOrientations_iPhone = "UIInterfaceOrientationPortrait UIInterfaceOrientationLandscapeLeft UIInterfaceOrientationLandscapeRight";
				LD_RUNPATH_SEARCH_PATHS = (
					"$(inherited)",
					"@executable_path/Frameworks",
				);
				MARKETING_VERSION = 1.0;
				PRODUCT_BUNDLE_IDENTIFIER = salpasoft.AboutTheWeather;
				PRODUCT_NAME = "$(TARGET_NAME)";
				SWIFT_EMIT_LOC_STRINGS = YES;
				SWIFT_VERSION = 5.0;
				TARGETED_DEVICE_FAMILY = "1,2";
			};
			name = Release;
		};
/* End XCBuildConfiguration section */

/* Begin XCConfigurationList section */
		B28FAF7F2ABDF3E40011E864 /* Build configuration list for PBXProject "AboutTheWeather" */ = {
			isa = XCConfigurationList;
			buildConfigurations = (
				B28FAF902ABDF3E70011E864 /* Debug */,
				B28FAF912ABDF3E70011E864 /* Release */,
			);
			defaultConfigurationIsVisible = 0;
			defaultConfigurationName = Release;
		};
		B28FAF922ABDF3E70011E864 /* Build configuration list for PBXNativeTarget "AboutTheWeather" */ = {
			isa = XCConfigurationList;
			buildConfigurations = (
				B28FAF932ABDF3E70011E864 /* Debug */,
				B28FAF942ABDF3E70011E864 /* Release */,
			);
			defaultConfigurationIsVisible = 0;
			defaultConfigurationName = Release;
		};
/* End XCConfigurationList section */

/* Begin XCRemoteSwiftPackageReference section */
		B28FAFA52ABDF5B40011E864 /* XCRemoteSwiftPackageReference "SwURL" */ = {
			isa = XCRemoteSwiftPackageReference;
			repositoryURL = "https://github.com/cmtrounce/SwURL";
			requirement = {
				kind = upToNextMajorVersion;
				minimumVersion = 0.6.0;
			};
		};
/* End XCRemoteSwiftPackageReference section */

/* Begin XCSwiftPackageProductDependency section */
		B28FAFA62ABDF5B40011E864 /* SwURL */ = {
			isa = XCSwiftPackageProductDependency;
			package = B28FAFA52ABDF5B40011E864 /* XCRemoteSwiftPackageReference "SwURL" */;
			productName = SwURL;
		};
/* End XCSwiftPackageProductDependency section */
	};
	rootObject = B28FAF7C2ABDF3E40011E864 /* Project object */;
}
